// !$*UTF8*$!
{
	archiveVersion = 1;
	classes = {
	};
	objectVersion = 56;
	objects = {

/* Begin PBXBuildFile section */
		042D14452A8185470007A386 /* DetailsViewController.swift in Sources */ = {isa = PBXBuildFile; fileRef = 042D14442A8185470007A386 /* DetailsViewController.swift */; };
		042D14482A8186C70007A386 /* Olympiad.swift in Sources */ = {isa = PBXBuildFile; fileRef = 042D14472A8186C70007A386 /* Olympiad.swift */; };
		046958C42A92BA77005CF0F7 /* EndPoints.swift in Sources */ = {isa = PBXBuildFile; fileRef = 046958C32A92BA77005CF0F7 /* EndPoints.swift */; };
		047E012E2A95501E00F5A10D /* Link.swift in Sources */ = {isa = PBXBuildFile; fileRef = 047E012D2A95501E00F5A10D /* Link.swift */; };
		047E01302A95582400F5A10D /* Subject.swift in Sources */ = {isa = PBXBuildFile; fileRef = 047E012F2A95582400F5A10D /* Subject.swift */; };
		04A151F02A7D9FED004BB179 /* AppDelegate.swift in Sources */ = {isa = PBXBuildFile; fileRef = 04A151EF2A7D9FED004BB179 /* AppDelegate.swift */; };
		04A151F22A7D9FED004BB179 /* SceneDelegate.swift in Sources */ = {isa = PBXBuildFile; fileRef = 04A151F12A7D9FED004BB179 /* SceneDelegate.swift */; };
		04A151F42A7D9FED004BB179 /* MainViewController.swift in Sources */ = {isa = PBXBuildFile; fileRef = 04A151F32A7D9FED004BB179 /* MainViewController.swift */; };
		04A151F92A7D9FEE004BB179 /* Assets.xcassets in Resources */ = {isa = PBXBuildFile; fileRef = 04A151F82A7D9FEE004BB179 /* Assets.xcassets */; };
		04A151FC2A7D9FEE004BB179 /* LaunchScreen.storyboard in Resources */ = {isa = PBXBuildFile; fileRef = 04A151FA2A7D9FEE004BB179 /* LaunchScreen.storyboard */; };
		04A152042A7DA881004BB179 /* TableViewCell.swift in Sources */ = {isa = PBXBuildFile; fileRef = 04A152032A7DA881004BB179 /* TableViewCell.swift */; };
		04A152062A7DAB80004BB179 /* OlympiadDataSource.swift in Sources */ = {isa = PBXBuildFile; fileRef = 04A152052A7DAB80004BB179 /* OlympiadDataSource.swift */; };
		04A152082A7DADD5004BB179 /* Rest.swift in Sources */ = {isa = PBXBuildFile; fileRef = 04A152072A7DADD5004BB179 /* Rest.swift */; };
		04A1520A2A7DBC70004BB179 /* JSON.swift in Sources */ = {isa = PBXBuildFile; fileRef = 04A152092A7DBC70004BB179 /* JSON.swift */; };
		04B6D3652A9678CB005CD33B /* Level.swift in Sources */ = {isa = PBXBuildFile; fileRef = 04B6D3642A9678CB005CD33B /* Level.swift */; };
		04B6D3672A969105005CD33B /* URLTapGestureRecognizer.swift in Sources */ = {isa = PBXBuildFile; fileRef = 04B6D3662A969105005CD33B /* URLTapGestureRecognizer.swift */; };
		04B6D3692A96C10C005CD33B /* String+Extensions.swift in Sources */ = {isa = PBXBuildFile; fileRef = 04B6D3682A96C10C005CD33B /* String+Extensions.swift */; };
		04E48C032A94129000B33CA4 /* PaddingLabel.swift in Sources */ = {isa = PBXBuildFile; fileRef = 04E48C022A94129000B33CA4 /* PaddingLabel.swift */; };
/* End PBXBuildFile section */

/* Begin PBXFileReference section */
		042D14442A8185470007A386 /* DetailsViewController.swift */ = {isa = PBXFileReference; lastKnownFileType = sourcecode.swift; path = DetailsViewController.swift; sourceTree = "<group>"; };
		042D14472A8186C70007A386 /* Olympiad.swift */ = {isa = PBXFileReference; lastKnownFileType = sourcecode.swift; path = Olympiad.swift; sourceTree = "<group>"; };
		046958C32A92BA77005CF0F7 /* EndPoints.swift */ = {isa = PBXFileReference; lastKnownFileType = sourcecode.swift; path = EndPoints.swift; sourceTree = "<group>"; };
		047E012D2A95501E00F5A10D /* Link.swift */ = {isa = PBXFileReference; lastKnownFileType = sourcecode.swift; path = Link.swift; sourceTree = "<group>"; };
		047E012F2A95582400F5A10D /* Subject.swift */ = {isa = PBXFileReference; lastKnownFileType = sourcecode.swift; path = Subject.swift; sourceTree = "<group>"; };
		04A151EC2A7D9FED004BB179 /* bvi.app */ = {isa = PBXFileReference; explicitFileType = wrapper.application; includeInIndex = 0; path = bvi.app; sourceTree = BUILT_PRODUCTS_DIR; };
		04A151EF2A7D9FED004BB179 /* AppDelegate.swift */ = {isa = PBXFileReference; lastKnownFileType = sourcecode.swift; path = AppDelegate.swift; sourceTree = "<group>"; };
		04A151F12A7D9FED004BB179 /* SceneDelegate.swift */ = {isa = PBXFileReference; lastKnownFileType = sourcecode.swift; path = SceneDelegate.swift; sourceTree = "<group>"; };
		04A151F32A7D9FED004BB179 /* MainViewController.swift */ = {isa = PBXFileReference; lastKnownFileType = sourcecode.swift; path = MainViewController.swift; sourceTree = "<group>"; };
		04A151F82A7D9FEE004BB179 /* Assets.xcassets */ = {isa = PBXFileReference; lastKnownFileType = folder.assetcatalog; path = Assets.xcassets; sourceTree = "<group>"; };
		04A151FB2A7D9FEE004BB179 /* Base */ = {isa = PBXFileReference; lastKnownFileType = file.storyboard; name = Base; path = Base.lproj/LaunchScreen.storyboard; sourceTree = "<group>"; };
		04A151FD2A7D9FEE004BB179 /* Info.plist */ = {isa = PBXFileReference; lastKnownFileType = text.plist.xml; path = Info.plist; sourceTree = "<group>"; };
		04A152032A7DA881004BB179 /* TableViewCell.swift */ = {isa = PBXFileReference; lastKnownFileType = sourcecode.swift; path = TableViewCell.swift; sourceTree = "<group>"; };
		04A152052A7DAB80004BB179 /* OlympiadDataSource.swift */ = {isa = PBXFileReference; lastKnownFileType = sourcecode.swift; path = OlympiadDataSource.swift; sourceTree = "<group>"; };
		04A152072A7DADD5004BB179 /* Rest.swift */ = {isa = PBXFileReference; lastKnownFileType = sourcecode.swift; path = Rest.swift; sourceTree = "<group>"; };
		04A152092A7DBC70004BB179 /* JSON.swift */ = {isa = PBXFileReference; lastKnownFileType = sourcecode.swift; path = JSON.swift; sourceTree = "<group>"; };
		04B6D3642A9678CB005CD33B /* Level.swift */ = {isa = PBXFileReference; lastKnownFileType = sourcecode.swift; path = Level.swift; sourceTree = "<group>"; };
		04B6D3662A969105005CD33B /* URLTapGestureRecognizer.swift */ = {isa = PBXFileReference; lastKnownFileType = sourcecode.swift; path = URLTapGestureRecognizer.swift; sourceTree = "<group>"; };
		04B6D3682A96C10C005CD33B /* String+Extensions.swift */ = {isa = PBXFileReference; lastKnownFileType = sourcecode.swift; path = "String+Extensions.swift"; sourceTree = "<group>"; };
		04E48C022A94129000B33CA4 /* PaddingLabel.swift */ = {isa = PBXFileReference; lastKnownFileType = sourcecode.swift; path = PaddingLabel.swift; sourceTree = "<group>"; };
/* End PBXFileReference section */

/* Begin PBXFrameworksBuildPhase section */
		04A151E92A7D9FED004BB179 /* Frameworks */ = {
			isa = PBXFrameworksBuildPhase;
			buildActionMask = 2147483647;
			files = (
			);
			runOnlyForDeploymentPostprocessing = 0;
		};
/* End PBXFrameworksBuildPhase section */

/* Begin PBXGroup section */
		042D14462A8186A40007A386 /* Models */ = {
			isa = PBXGroup;
			children = (
				047E012F2A95582400F5A10D /* Subject.swift */,
				042D14472A8186C70007A386 /* Olympiad.swift */,
				04B6D3642A9678CB005CD33B /* Level.swift */,
				047E012D2A95501E00F5A10D /* Link.swift */,
				04A152092A7DBC70004BB179 /* JSON.swift */,
			);
			path = Models;
			sourceTree = "<group>";
		};
		042D14492A818A5D0007A386 /* MainScreen */ = {
			isa = PBXGroup;
			children = (
				04A151F32A7D9FED004BB179 /* MainViewController.swift */,
				04A152032A7DA881004BB179 /* TableViewCell.swift */,
				04A152052A7DAB80004BB179 /* OlympiadDataSource.swift */,
			);
			path = MainScreen;
			sourceTree = "<group>";
		};
		042D144A2A818AB90007A386 /* DetailsScreen */ = {
			isa = PBXGroup;
			children = (
				042D14442A8185470007A386 /* DetailsViewController.swift */,
			);
			path = DetailsScreen;
			sourceTree = "<group>";
		};
		04A151E32A7D9FED004BB179 = {
			isa = PBXGroup;
			children = (
				04A151EE2A7D9FED004BB179 /* bvi */,
				04A151ED2A7D9FED004BB179 /* Products */,
			);
			sourceTree = "<group>";
		};
		04A151ED2A7D9FED004BB179 /* Products */ = {
			isa = PBXGroup;
			children = (
				04A151EC2A7D9FED004BB179 /* bvi.app */,
			);
			name = Products;
			sourceTree = "<group>";
		};
		04A151EE2A7D9FED004BB179 /* bvi */ = {
			isa = PBXGroup;
			children = (
				04A151EF2A7D9FED004BB179 /* AppDelegate.swift */,
				04A151F12A7D9FED004BB179 /* SceneDelegate.swift */,
				04E48C022A94129000B33CA4 /* PaddingLabel.swift */,
				04B6D3662A969105005CD33B /* URLTapGestureRecognizer.swift */,
				04B6D3682A96C10C005CD33B /* String+Extensions.swift */,
				042D14462A8186A40007A386 /* Models */,
				042D14492A818A5D0007A386 /* MainScreen */,
				042D144A2A818AB90007A386 /* DetailsScreen */,
				04A152072A7DADD5004BB179 /* Rest.swift */,
				046958C32A92BA77005CF0F7 /* EndPoints.swift */,
				04A151F82A7D9FEE004BB179 /* Assets.xcassets */,
				04A151FA2A7D9FEE004BB179 /* LaunchScreen.storyboard */,
				04A151FD2A7D9FEE004BB179 /* Info.plist */,
			);
			path = bvi;
			sourceTree = "<group>";
		};
/* End PBXGroup section */

/* Begin PBXNativeTarget section */
		04A151EB2A7D9FED004BB179 /* bvi */ = {
			isa = PBXNativeTarget;
			buildConfigurationList = 04A152002A7D9FEE004BB179 /* Build configuration list for PBXNativeTarget "bvi" */;
			buildPhases = (
				04A151E82A7D9FED004BB179 /* Sources */,
				04A151E92A7D9FED004BB179 /* Frameworks */,
				04A151EA2A7D9FED004BB179 /* Resources */,
			);
			buildRules = (
			);
			dependencies = (
			);
			name = bvi;
			productName = bvi;
			productReference = 04A151EC2A7D9FED004BB179 /* bvi.app */;
			productType = "com.apple.product-type.application";
		};
/* End PBXNativeTarget section */

/* Begin PBXProject section */
		04A151E42A7D9FED004BB179 /* Project object */ = {
			isa = PBXProject;
			attributes = {
				BuildIndependentTargetsInParallel = 1;
				LastSwiftUpdateCheck = 1420;
				LastUpgradeCheck = 1420;
				TargetAttributes = {
					04A151EB2A7D9FED004BB179 = {
						CreatedOnToolsVersion = 14.2;
					};
				};
			};
			buildConfigurationList = 04A151E72A7D9FED004BB179 /* Build configuration list for PBXProject "bvi" */;
			compatibilityVersion = "Xcode 14.0";
			developmentRegion = en;
			hasScannedForEncodings = 0;
			knownRegions = (
				en,
				Base,
			);
			mainGroup = 04A151E32A7D9FED004BB179;
			productRefGroup = 04A151ED2A7D9FED004BB179 /* Products */;
			projectDirPath = "";
			projectRoot = "";
			targets = (
				04A151EB2A7D9FED004BB179 /* bvi */,
			);
		};
/* End PBXProject section */

/* Begin PBXResourcesBuildPhase section */
		04A151EA2A7D9FED004BB179 /* Resources */ = {
			isa = PBXResourcesBuildPhase;
			buildActionMask = 2147483647;
			files = (
				04A151FC2A7D9FEE004BB179 /* LaunchScreen.storyboard in Resources */,
				04A151F92A7D9FEE004BB179 /* Assets.xcassets in Resources */,
			);
			runOnlyForDeploymentPostprocessing = 0;
		};
/* End PBXResourcesBuildPhase section */

/* Begin PBXSourcesBuildPhase section */
		04A151E82A7D9FED004BB179 /* Sources */ = {
			isa = PBXSourcesBuildPhase;
			buildActionMask = 2147483647;
			files = (
				04A1520A2A7DBC70004BB179 /* JSON.swift in Sources */,
				047E01302A95582400F5A10D /* Subject.swift in Sources */,
				04A152082A7DADD5004BB179 /* Rest.swift in Sources */,
				04B6D3672A969105005CD33B /* URLTapGestureRecognizer.swift in Sources */,
				04B6D3692A96C10C005CD33B /* String+Extensions.swift in Sources */,
				04A151F42A7D9FED004BB179 /* MainViewController.swift in Sources */,
				047E012E2A95501E00F5A10D /* Link.swift in Sources */,
				042D14482A8186C70007A386 /* Olympiad.swift in Sources */,
				042D14452A8185470007A386 /* DetailsViewController.swift in Sources */,
				04A152042A7DA881004BB179 /* TableViewCell.swift in Sources */,
				04B6D3652A9678CB005CD33B /* Level.swift in Sources */,
				046958C42A92BA77005CF0F7 /* EndPoints.swift in Sources */,
				04A151F02A7D9FED004BB179 /* AppDelegate.swift in Sources */,
				04A152062A7DAB80004BB179 /* OlympiadDataSource.swift in Sources */,
				04A151F22A7D9FED004BB179 /* SceneDelegate.swift in Sources */,
				04E48C032A94129000B33CA4 /* PaddingLabel.swift in Sources */,
			);
			runOnlyForDeploymentPostprocessing = 0;
		};
/* End PBXSourcesBuildPhase section */

/* Begin PBXVariantGroup section */
		04A151FA2A7D9FEE004BB179 /* LaunchScreen.storyboard */ = {
			isa = PBXVariantGroup;
			children = (
				04A151FB2A7D9FEE004BB179 /* Base */,
			);
			name = LaunchScreen.storyboard;
			sourceTree = "<group>";
		};
/* End PBXVariantGroup section */

/* Begin XCBuildConfiguration section */
		04A151FE2A7D9FEE004BB179 /* Debug */ = {
			isa = XCBuildConfiguration;
			buildSettings = {
				ALWAYS_SEARCH_USER_PATHS = NO;
				CLANG_ANALYZER_NONNULL = YES;
				CLANG_ANALYZER_NUMBER_OBJECT_CONVERSION = YES_AGGRESSIVE;
				CLANG_CXX_LANGUAGE_STANDARD = "gnu++20";
				CLANG_ENABLE_MODULES = YES;
				CLANG_ENABLE_OBJC_ARC = YES;
				CLANG_ENABLE_OBJC_WEAK = YES;
				CLANG_WARN_BLOCK_CAPTURE_AUTORELEASING = YES;
				CLANG_WARN_BOOL_CONVERSION = YES;
				CLANG_WARN_COMMA = YES;
				CLANG_WARN_CONSTANT_CONVERSION = YES;
				CLANG_WARN_DEPRECATED_OBJC_IMPLEMENTATIONS = YES;
				CLANG_WARN_DIRECT_OBJC_ISA_USAGE = YES_ERROR;
				CLANG_WARN_DOCUMENTATION_COMMENTS = YES;
				CLANG_WARN_EMPTY_BODY = YES;
				CLANG_WARN_ENUM_CONVERSION = YES;
				CLANG_WARN_INFINITE_RECURSION = YES;
				CLANG_WARN_INT_CONVERSION = YES;
				CLANG_WARN_NON_LITERAL_NULL_CONVERSION = YES;
				CLANG_WARN_OBJC_IMPLICIT_RETAIN_SELF = YES;
				CLANG_WARN_OBJC_LITERAL_CONVERSION = YES;
				CLANG_WARN_OBJC_ROOT_CLASS = YES_ERROR;
				CLANG_WARN_QUOTED_INCLUDE_IN_FRAMEWORK_HEADER = YES;
				CLANG_WARN_RANGE_LOOP_ANALYSIS = YES;
				CLANG_WARN_STRICT_PROTOTYPES = YES;
				CLANG_WARN_SUSPICIOUS_MOVE = YES;
				CLANG_WARN_UNGUARDED_AVAILABILITY = YES_AGGRESSIVE;
				CLANG_WARN_UNREACHABLE_CODE = YES;
				CLANG_WARN__DUPLICATE_METHOD_MATCH = YES;
				COPY_PHASE_STRIP = NO;
				DEBUG_INFORMATION_FORMAT = dwarf;
				ENABLE_STRICT_OBJC_MSGSEND = YES;
				ENABLE_TESTABILITY = YES;
				GCC_C_LANGUAGE_STANDARD = gnu11;
				GCC_DYNAMIC_NO_PIC = NO;
				GCC_NO_COMMON_BLOCKS = YES;
				GCC_OPTIMIZATION_LEVEL = 0;
				GCC_PREPROCESSOR_DEFINITIONS = (
					"DEBUG=1",
					"$(inherited)",
				);
				GCC_WARN_64_TO_32_BIT_CONVERSION = YES;
				GCC_WARN_ABOUT_RETURN_TYPE = YES_ERROR;
				GCC_WARN_UNDECLARED_SELECTOR = YES;
				GCC_WARN_UNINITIALIZED_AUTOS = YES_AGGRESSIVE;
				GCC_WARN_UNUSED_FUNCTION = YES;
				GCC_WARN_UNUSED_VARIABLE = YES;
				IPHONEOS_DEPLOYMENT_TARGET = 16.2;
				MTL_ENABLE_DEBUG_INFO = INCLUDE_SOURCE;
				MTL_FAST_MATH = YES;
				ONLY_ACTIVE_ARCH = YES;
				SDKROOT = iphoneos;
				SWIFT_ACTIVE_COMPILATION_CONDITIONS = DEBUG;
				SWIFT_OPTIMIZATION_LEVEL = "-Onone";
			};
			name = Debug;
		};
		04A151FF2A7D9FEE004BB179 /* Release */ = {
			isa = XCBuildConfiguration;
			buildSettings = {
				ALWAYS_SEARCH_USER_PATHS = NO;
				CLANG_ANALYZER_NONNULL = YES;
				CLANG_ANALYZER_NUMBER_OBJECT_CONVERSION = YES_AGGRESSIVE;
				CLANG_CXX_LANGUAGE_STANDARD = "gnu++20";
				CLANG_ENABLE_MODULES = YES;
				CLANG_ENABLE_OBJC_ARC = YES;
				CLANG_ENABLE_OBJC_WEAK = YES;
				CLANG_WARN_BLOCK_CAPTURE_AUTORELEASING = YES;
				CLANG_WARN_BOOL_CONVERSION = YES;
				CLANG_WARN_COMMA = YES;
				CLANG_WARN_CONSTANT_CONVERSION = YES;
				CLANG_WARN_DEPRECATED_OBJC_IMPLEMENTATIONS = YES;
				CLANG_WARN_DIRECT_OBJC_ISA_USAGE = YES_ERROR;
				CLANG_WARN_DOCUMENTATION_COMMENTS = YES;
				CLANG_WARN_EMPTY_BODY = YES;
				CLANG_WARN_ENUM_CONVERSION = YES;
				CLANG_WARN_INFINITE_RECURSION = YES;
				CLANG_WARN_INT_CONVERSION = YES;
				CLANG_WARN_NON_LITERAL_NULL_CONVERSION = YES;
				CLANG_WARN_OBJC_IMPLICIT_RETAIN_SELF = YES;
				CLANG_WARN_OBJC_LITERAL_CONVERSION = YES;
				CLANG_WARN_OBJC_ROOT_CLASS = YES_ERROR;
				CLANG_WARN_QUOTED_INCLUDE_IN_FRAMEWORK_HEADER = YES;
				CLANG_WARN_RANGE_LOOP_ANALYSIS = YES;
				CLANG_WARN_STRICT_PROTOTYPES = YES;
				CLANG_WARN_SUSPICIOUS_MOVE = YES;
				CLANG_WARN_UNGUARDED_AVAILABILITY = YES_AGGRESSIVE;
				CLANG_WARN_UNREACHABLE_CODE = YES;
				CLANG_WARN__DUPLICATE_METHOD_MATCH = YES;
				COPY_PHASE_STRIP = NO;
				DEBUG_INFORMATION_FORMAT = "dwarf-with-dsym";
				ENABLE_NS_ASSERTIONS = NO;
				ENABLE_STRICT_OBJC_MSGSEND = YES;
				GCC_C_LANGUAGE_STANDARD = gnu11;
				GCC_NO_COMMON_BLOCKS = YES;
				GCC_WARN_64_TO_32_BIT_CONVERSION = YES;
				GCC_WARN_ABOUT_RETURN_TYPE = YES_ERROR;
				GCC_WARN_UNDECLARED_SELECTOR = YES;
				GCC_WARN_UNINITIALIZED_AUTOS = YES_AGGRESSIVE;
				GCC_WARN_UNUSED_FUNCTION = YES;
				GCC_WARN_UNUSED_VARIABLE = YES;
				IPHONEOS_DEPLOYMENT_TARGET = 16.2;
				MTL_ENABLE_DEBUG_INFO = NO;
				MTL_FAST_MATH = YES;
				SDKROOT = iphoneos;
				SWIFT_COMPILATION_MODE = wholemodule;
				SWIFT_OPTIMIZATION_LEVEL = "-O";
				VALIDATE_PRODUCT = YES;
			};
			name = Release;
		};
		04A152012A7D9FEE004BB179 /* Debug */ = {
			isa = XCBuildConfiguration;
			buildSettings = {
				ASSETCATALOG_COMPILER_APPICON_NAME = AppIcon;
				ASSETCATALOG_COMPILER_GLOBAL_ACCENT_COLOR_NAME = AccentColor;
				"CODE_SIGN_IDENTITY[sdk=iphoneos*]" = "iPhone Distribution";
				CODE_SIGN_STYLE = Manual;
				CURRENT_PROJECT_VERSION = 8;
				DEVELOPMENT_TEAM = "";
				"DEVELOPMENT_TEAM[sdk=iphoneos*]" = 48K73F3AMW;
				GENERATE_INFOPLIST_FILE = YES;
				INFOPLIST_FILE = bvi/Info.plist;
				INFOPLIST_KEY_CFBundleDisplayName = "БВИ";
				INFOPLIST_KEY_UIApplicationSupportsIndirectInputEvents = YES;
				INFOPLIST_KEY_UILaunchStoryboardName = LaunchScreen;
				INFOPLIST_KEY_UISupportedInterfaceOrientations = UIInterfaceOrientationPortrait;
				INFOPLIST_KEY_UISupportedInterfaceOrientations_iPad = "UIInterfaceOrientationLandscapeLeft UIInterfaceOrientationLandscapeRight UIInterfaceOrientationPortrait UIInterfaceOrientationPortraitUpsideDown";
				IPHONEOS_DEPLOYMENT_TARGET = 14.0;
				LD_RUNPATH_SEARCH_PATHS = (
					"$(inherited)",
					"@executable_path/Frameworks",
				);
				MARKETING_VERSION = 1.0;
				PRODUCT_BUNDLE_IDENTIFIER = ru.botwy.bvi;
				PRODUCT_NAME = "$(TARGET_NAME)";
				PROVISIONING_PROFILE_SPECIFIER = "";
				"PROVISIONING_PROFILE_SPECIFIER[sdk=iphoneos*]" = "bvi-appstore-provision";
				SUPPORTED_PLATFORMS = "iphoneos iphonesimulator";
				SUPPORTS_MACCATALYST = NO;
				SUPPORTS_MAC_DESIGNED_FOR_IPHONE_IPAD = NO;
				SWIFT_EMIT_LOC_STRINGS = YES;
				SWIFT_VERSION = 5.0;
				TARGETED_DEVICE_FAMILY = 1;
			};
			name = Debug;
		};
		04A152022A7D9FEE004BB179 /* Release */ = {
			isa = XCBuildConfiguration;
			buildSettings = {
				ASSETCATALOG_COMPILER_APPICON_NAME = AppIcon;
				ASSETCATALOG_COMPILER_GLOBAL_ACCENT_COLOR_NAME = AccentColor;
				"CODE_SIGN_IDENTITY[sdk=iphoneos*]" = "iPhone Distribution";
				CODE_SIGN_STYLE = Manual;
				CURRENT_PROJECT_VERSION = 8;
				DEVELOPMENT_TEAM = "";
				"DEVELOPMENT_TEAM[sdk=iphoneos*]" = 48K73F3AMW;
				GENERATE_INFOPLIST_FILE = YES;
				INFOPLIST_FILE = bvi/Info.plist;
				INFOPLIST_KEY_CFBundleDisplayName = "БВИ";
				INFOPLIST_KEY_UIApplicationSupportsIndirectInputEvents = YES;
				INFOPLIST_KEY_UILaunchStoryboardName = LaunchScreen;
				INFOPLIST_KEY_UISupportedInterfaceOrientations = UIInterfaceOrientationPortrait;
				INFOPLIST_KEY_UISupportedInterfaceOrientations_iPad = "UIInterfaceOrientationLandscapeLeft UIInterfaceOrientationLandscapeRight UIInterfaceOrientationPortrait UIInterfaceOrientationPortraitUpsideDown";
				IPHONEOS_DEPLOYMENT_TARGET = 14.0;
				LD_RUNPATH_SEARCH_PATHS = (
					"$(inherited)",
					"@executable_path/Frameworks",
				);
				MARKETING_VERSION = 1.0;
				PRODUCT_BUNDLE_IDENTIFIER = ru.botwy.bvi;
				PRODUCT_NAME = "$(TARGET_NAME)";
				PROVISIONING_PROFILE_SPECIFIER = "";
				"PROVISIONING_PROFILE_SPECIFIER[sdk=iphoneos*]" = "bvi-appstore-provision";
				SUPPORTED_PLATFORMS = "iphoneos iphonesimulator";
				SUPPORTS_MACCATALYST = NO;
				SUPPORTS_MAC_DESIGNED_FOR_IPHONE_IPAD = NO;
				SWIFT_EMIT_LOC_STRINGS = YES;
				SWIFT_VERSION = 5.0;
				TARGETED_DEVICE_FAMILY = 1;
			};
			name = Release;
		};
/* End XCBuildConfiguration section */

/* Begin XCConfigurationList section */
		04A151E72A7D9FED004BB179 /* Build configuration list for PBXProject "bvi" */ = {
			isa = XCConfigurationList;
			buildConfigurations = (
				04A151FE2A7D9FEE004BB179 /* Debug */,
				04A151FF2A7D9FEE004BB179 /* Release */,
			);
			defaultConfigurationIsVisible = 0;
			defaultConfigurationName = Release;
		};
		04A152002A7D9FEE004BB179 /* Build configuration list for PBXNativeTarget "bvi" */ = {
			isa = XCConfigurationList;
			buildConfigurations = (
				04A152012A7D9FEE004BB179 /* Debug */,
				04A152022A7D9FEE004BB179 /* Release */,
			);
			defaultConfigurationIsVisible = 0;
			defaultConfigurationName = Release;
		};
/* End XCConfigurationList section */
	};
	rootObject = 04A151E42A7D9FED004BB179 /* Project object */;
}
